{
  "name": "stamptime",
  "version": "3.0.1",
  "lockfileVersion": 2,
  "requires": true,
  "packages": {
    "": {
      "name": "stamptime",
      "version": "3.0.1",
      "license": "MIT",
      "devDependencies": {
        "stamptime": "^3.0.1"
      }
    },
    "node_modules/stamptime": {
      "version": "3.0.1",
      "resolved": "https://registry.npmjs.org/stamptime/-/stamptime-3.0.1.tgz",
      "integrity": "sha512-HB8P8CSeteVLgj9kmg8tJ9XQDBNUqm2FYkhgzQUCpHC4IrMdlV6HiZAa6Ttcv2EN5q+n8ngmnk/r7vxHEoIgZg==",
      "dev": true
    }
  },
  "dependencies": {
    "stamptime": {
      "version": "3.0.1",
      "resolved": "https://registry.npmjs.org/stamptime/-/stamptime-3.0.1.tgz",
      "integrity": "sha512-HB8P8CSeteVLgj9kmg8tJ9XQDBNUqm2FYkhgzQUCpHC4IrMdlV6HiZAa6Ttcv2EN5q+n8ngmnk/r7vxHEoIgZg==",
      "dev": true
    }
  }
}
