{
  "name": "stamptime",
  "version": "2.0.4",
  "lockfileVersion": 2,
  "requires": true,
  "packages": {
    "": {
      "name": "stamptime",
      "version": "2.0.4",
      "license": "MIT",
      "devDependencies": {
        "stamptime": "^2.0.4"
      }
    },
    "node_modules/stamptime": {
      "version": "2.0.4",
      "resolved": "https://registry.npmjs.org/stamptime/-/stamptime-2.0.4.tgz",
      "integrity": "sha512-aid28z4s6azjm6REwl4ojbeMVRS7N5O5iSsJwsiEt9Zl94w9HoqHLLRhqNa+z7zDWH9VWr1kAaZcixf2T5a3uQ==",
      "dev": true
    }
  },
  "dependencies": {
    "stamptime": {
      "version": "2.0.4",
      "resolved": "https://registry.npmjs.org/stamptime/-/stamptime-2.0.4.tgz",
      "integrity": "sha512-aid28z4s6azjm6REwl4ojbeMVRS7N5O5iSsJwsiEt9Zl94w9HoqHLLRhqNa+z7zDWH9VWr1kAaZcixf2T5a3uQ==",
      "dev": true
    }
  }
}
