{
  "name": "stamptime",
  "version": "2.0.0",
  "lockfileVersion": 2,
  "requires": true,
  "packages": {
    "": {
      "name": "stamptime",
      "version": "2.0.0",
      "license": "MIT",
      "devDependencies": {
        "stamptime": "^1.0.10"
      }
    },
    "node_modules/stamptime": {
      "version": "1.0.10",
      "resolved": "https://registry.npmjs.org/stamptime/-/stamptime-1.0.10.tgz",
      "integrity": "sha512-1A8yiRh9JTBqh5CHLGtqpSDkfSDa44/R/mqvNxltRBxZsfKZXFUyUycGfxwbMVlJQvnH0le/aLhAkbZuoBcSFQ==",
      "dev": true
    }
  },
  "dependencies": {
    "stamptime": {
      "version": "1.0.10",
      "resolved": "https://registry.npmjs.org/stamptime/-/stamptime-1.0.10.tgz",
      "integrity": "sha512-1A8yiRh9JTBqh5CHLGtqpSDkfSDa44/R/mqvNxltRBxZsfKZXFUyUycGfxwbMVlJQvnH0le/aLhAkbZuoBcSFQ==",
      "dev": true
    }
  }
}
